// !$*UTF8*$!
{
	archiveVersion = 1;
	classes = {
	};
	objectVersion = 56;
	objects = {

/* Begin PBXBuildFile section */
		400FA0592BE4A35F0069EF60 /* CoreDataAccessObject.swift in Sources */ = {isa = PBXBuildFile; fileRef = 400FA0582BE4A35F0069EF60 /* CoreDataAccessObject.swift */; };
		404492D42BDFCF2C0087F685 /* DetailsViewController.swift in Sources */ = {isa = PBXBuildFile; fileRef = 404492D32BDFCF2C0087F685 /* DetailsViewController.swift */; };
		404492D62BDFCF4A0087F685 /* FavouriteViewController.swift in Sources */ = {isa = PBXBuildFile; fileRef = 404492D52BDFCF4A0087F685 /* FavouriteViewController.swift */; };
		404492D82BDFDE670087F685 /* HomeCollectionViewCell.swift in Sources */ = {isa = PBXBuildFile; fileRef = 404492D72BDFDE670087F685 /* HomeCollectionViewCell.swift */; };
		40700E682BE11C0400CE8ABF /* NewsAPI.xcdatamodeld in Sources */ = {isa = PBXBuildFile; fileRef = 40700E662BE11C0400CE8ABF /* NewsAPI.xcdatamodeld */; };
		40A504DA2BDFC68A007B40E3 /* AppDelegate.swift in Sources */ = {isa = PBXBuildFile; fileRef = 40A504D92BDFC68A007B40E3 /* AppDelegate.swift */; };
		40A504DC2BDFC68A007B40E3 /* SceneDelegate.swift in Sources */ = {isa = PBXBuildFile; fileRef = 40A504DB2BDFC68A007B40E3 /* SceneDelegate.swift */; };
		40A504DE2BDFC68A007B40E3 /* ViewController.swift in Sources */ = {isa = PBXBuildFile; fileRef = 40A504DD2BDFC68A007B40E3 /* ViewController.swift */; };
		40A504E12BDFC68A007B40E3 /* Base in Resources */ = {isa = PBXBuildFile; fileRef = 40A504E02BDFC68A007B40E3 /* Base */; };
		40A504E32BDFC68C007B40E3 /* Assets.xcassets in Resources */ = {isa = PBXBuildFile; fileRef = 40A504E22BDFC68C007B40E3 /* Assets.xcassets */; };
		40A504E62BDFC68C007B40E3 /* Base in Resources */ = {isa = PBXBuildFile; fileRef = 40A504E52BDFC68C007B40E3 /* Base */; };
		40A504EE2BDFC70A007B40E3 /* New.swift in Sources */ = {isa = PBXBuildFile; fileRef = 40A504ED2BDFC70A007B40E3 /* New.swift */; };
		C9C735710168AF0BCC10F9C2 /* Pods_NewsAPI.framework in Frameworks */ = {isa = PBXBuildFile; fileRef = 6A1C1C9F8FC980976E105C8D /* Pods_NewsAPI.framework */; };
/* End PBXBuildFile section */

/* Begin PBXFileReference section */
		400FA0582BE4A35F0069EF60 /* CoreDataAccessObject.swift */ = {isa = PBXFileReference; lastKnownFileType = sourcecode.swift; path = CoreDataAccessObject.swift; sourceTree = "<group>"; };
		404492D32BDFCF2C0087F685 /* DetailsViewController.swift */ = {isa = PBXFileReference; lastKnownFileType = sourcecode.swift; path = DetailsViewController.swift; sourceTree = "<group>"; };
		404492D52BDFCF4A0087F685 /* FavouriteViewController.swift */ = {isa = PBXFileReference; lastKnownFileType = sourcecode.swift; path = FavouriteViewController.swift; sourceTree = "<group>"; };
		404492D72BDFDE670087F685 /* HomeCollectionViewCell.swift */ = {isa = PBXFileReference; lastKnownFileType = sourcecode.swift; path = HomeCollectionViewCell.swift; sourceTree = "<group>"; };
		40700E672BE11C0400CE8ABF /* NewsAPI.xcdatamodel */ = {isa = PBXFileReference; lastKnownFileType = wrapper.xcdatamodel; path = NewsAPI.xcdatamodel; sourceTree = "<group>"; };
		40A504D62BDFC68A007B40E3 /* NewsAPI.app */ = {isa = PBXFileReference; explicitFileType = wrapper.application; includeInIndex = 0; path = NewsAPI.app; sourceTree = BUILT_PRODUCTS_DIR; };
		40A504D92BDFC68A007B40E3 /* AppDelegate.swift */ = {isa = PBXFileReference; lastKnownFileType = sourcecode.swift; path = AppDelegate.swift; sourceTree = "<group>"; };
		40A504DB2BDFC68A007B40E3 /* SceneDelegate.swift */ = {isa = PBXFileReference; lastKnownFileType = sourcecode.swift; path = SceneDelegate.swift; sourceTree = "<group>"; };
		40A504DD2BDFC68A007B40E3 /* ViewController.swift */ = {isa = PBXFileReference; lastKnownFileType = sourcecode.swift; path = ViewController.swift; sourceTree = "<group>"; };
		40A504E02BDFC68A007B40E3 /* Base */ = {isa = PBXFileReference; lastKnownFileType = file.storyboard; name = Base; path = Base.lproj/Main.storyboard; sourceTree = "<group>"; };
		40A504E22BDFC68C007B40E3 /* Assets.xcassets */ = {isa = PBXFileReference; lastKnownFileType = folder.assetcatalog; path = Assets.xcassets; sourceTree = "<group>"; };
		40A504E52BDFC68C007B40E3 /* Base */ = {isa = PBXFileReference; lastKnownFileType = file.storyboard; name = Base; path = Base.lproj/LaunchScreen.storyboard; sourceTree = "<group>"; };
		40A504E72BDFC68C007B40E3 /* Info.plist */ = {isa = PBXFileReference; lastKnownFileType = text.plist.xml; path = Info.plist; sourceTree = "<group>"; };
		40A504ED2BDFC70A007B40E3 /* New.swift */ = {isa = PBXFileReference; lastKnownFileType = sourcecode.swift; path = New.swift; sourceTree = "<group>"; };
		41FC431E579AE4F5DA03101F /* Pods-NewsAPI.release.xcconfig */ = {isa = PBXFileReference; includeInIndex = 1; lastKnownFileType = text.xcconfig; name = "Pods-NewsAPI.release.xcconfig"; path = "Target Support Files/Pods-NewsAPI/Pods-NewsAPI.release.xcconfig"; sourceTree = "<group>"; };
		46815C27A14BE336F9CAA346 /* Pods-NewsAPI.debug.xcconfig */ = {isa = PBXFileReference; includeInIndex = 1; lastKnownFileType = text.xcconfig; name = "Pods-NewsAPI.debug.xcconfig"; path = "Target Support Files/Pods-NewsAPI/Pods-NewsAPI.debug.xcconfig"; sourceTree = "<group>"; };
		6A1C1C9F8FC980976E105C8D /* Pods_NewsAPI.framework */ = {isa = PBXFileReference; explicitFileType = wrapper.framework; includeInIndex = 0; path = Pods_NewsAPI.framework; sourceTree = BUILT_PRODUCTS_DIR; };
/* End PBXFileReference section */

/* Begin PBXFrameworksBuildPhase section */
		40A504D32BDFC68A007B40E3 /* Frameworks */ = {
			isa = PBXFrameworksBuildPhase;
			buildActionMask = 2147483647;
			files = (
				C9C735710168AF0BCC10F9C2 /* Pods_NewsAPI.framework in Frameworks */,
			);
			runOnlyForDeploymentPostprocessing = 0;
		};
/* End PBXFrameworksBuildPhase section */

/* Begin PBXGroup section */
		40A504CD2BDFC68A007B40E3 = {
			isa = PBXGroup;
			children = (
				40A504D82BDFC68A007B40E3 /* NewsAPI */,
				40A504D72BDFC68A007B40E3 /* Products */,
				F07F0726DE212C6F46C1B2BB /* Pods */,
				559F70F154562FCD1880AC9D /* Frameworks */,
			);
			sourceTree = "<group>";
		};
		40A504D72BDFC68A007B40E3 /* Products */ = {
			isa = PBXGroup;
			children = (
				40A504D62BDFC68A007B40E3 /* NewsAPI.app */,
			);
			name = Products;
			sourceTree = "<group>";
		};
		40A504D82BDFC68A007B40E3 /* NewsAPI */ = {
			isa = PBXGroup;
			children = (
				40A504D92BDFC68A007B40E3 /* AppDelegate.swift */,
				40A504DB2BDFC68A007B40E3 /* SceneDelegate.swift */,
				40A504DD2BDFC68A007B40E3 /* ViewController.swift */,
				40A504DF2BDFC68A007B40E3 /* Main.storyboard */,
				40A504E22BDFC68C007B40E3 /* Assets.xcassets */,
				40A504E42BDFC68C007B40E3 /* LaunchScreen.storyboard */,
				40A504E72BDFC68C007B40E3 /* Info.plist */,
				40A504ED2BDFC70A007B40E3 /* New.swift */,
				404492D32BDFCF2C0087F685 /* DetailsViewController.swift */,
				404492D52BDFCF4A0087F685 /* FavouriteViewController.swift */,
				404492D72BDFDE670087F685 /* HomeCollectionViewCell.swift */,
				40700E662BE11C0400CE8ABF /* NewsAPI.xcdatamodeld */,
				400FA0582BE4A35F0069EF60 /* CoreDataAccessObject.swift */,
			);
			path = NewsAPI;
			sourceTree = "<group>";
		};
		559F70F154562FCD1880AC9D /* Frameworks */ = {
			isa = PBXGroup;
			children = (
				6A1C1C9F8FC980976E105C8D /* Pods_NewsAPI.framework */,
			);
			name = Frameworks;
			sourceTree = "<group>";
		};
		F07F0726DE212C6F46C1B2BB /* Pods */ = {
			isa = PBXGroup;
			children = (
				46815C27A14BE336F9CAA346 /* Pods-NewsAPI.debug.xcconfig */,
				41FC431E579AE4F5DA03101F /* Pods-NewsAPI.release.xcconfig */,
			);
			path = Pods;
			sourceTree = "<group>";
		};
/* End PBXGroup section */

/* Begin PBXNativeTarget section */
		40A504D52BDFC68A007B40E3 /* NewsAPI */ = {
			isa = PBXNativeTarget;
			buildConfigurationList = 40A504EA2BDFC68C007B40E3 /* Build configuration list for PBXNativeTarget "NewsAPI" */;
			buildPhases = (
				DB319004D9AC3F277777917E /* [CP] Check Pods Manifest.lock */,
				40A504D22BDFC68A007B40E3 /* Sources */,
				40A504D32BDFC68A007B40E3 /* Frameworks */,
				40A504D42BDFC68A007B40E3 /* Resources */,
				A5F4B8E00AC3676B950B4068 /* [CP] Embed Pods Frameworks */,
			);
			buildRules = (
			);
			dependencies = (
			);
			name = NewsAPI;
			productName = NewsAPI;
			productReference = 40A504D62BDFC68A007B40E3 /* NewsAPI.app */;
			productType = "com.apple.product-type.application";
		};
/* End PBXNativeTarget section */

/* Begin PBXProject section */
		40A504CE2BDFC68A007B40E3 /* Project object */ = {
			isa = PBXProject;
			attributes = {
				BuildIndependentTargetsInParallel = 1;
				LastSwiftUpdateCheck = 1530;
				LastUpgradeCheck = 1530;
				TargetAttributes = {
					40A504D52BDFC68A007B40E3 = {
						CreatedOnToolsVersion = 15.3;
					};
				};
			};
			buildConfigurationList = 40A504D12BDFC68A007B40E3 /* Build configuration list for PBXProject "NewsAPI" */;
			compatibilityVersion = "Xcode 14.0";
			developmentRegion = en;
			hasScannedForEncodings = 0;
			knownRegions = (
				en,
				Base,
			);
			mainGroup = 40A504CD2BDFC68A007B40E3;
			productRefGroup = 40A504D72BDFC68A007B40E3 /* Products */;
			projectDirPath = "";
			projectRoot = "";
			targets = (
				40A504D52BDFC68A007B40E3 /* NewsAPI */,
			);
		};
/* End PBXProject section */

/* Begin PBXResourcesBuildPhase section */
		40A504D42BDFC68A007B40E3 /* Resources */ = {
			isa = PBXResourcesBuildPhase;
			buildActionMask = 2147483647;
			files = (
				40A504E32BDFC68C007B40E3 /* Assets.xcassets in Resources */,
				40A504E62BDFC68C007B40E3 /* Base in Resources */,
				40A504E12BDFC68A007B40E3 /* Base in Resources */,
			);
			runOnlyForDeploymentPostprocessing = 0;
		};
/* End PBXResourcesBuildPhase section */

/* Begin PBXShellScriptBuildPhase section */
		A5F4B8E00AC3676B950B4068 /* [CP] Embed Pods Frameworks */ = {
			isa = PBXShellScriptBuildPhase;
			buildActionMask = 2147483647;
			files = (
			);
			inputFileListPaths = (
				"${PODS_ROOT}/Target Support Files/Pods-NewsAPI/Pods-NewsAPI-frameworks-${CONFIGURATION}-input-files.xcfilelist",
			);
			name = "[CP] Embed Pods Frameworks";
			outputFileListPaths = (
				"${PODS_ROOT}/Target Support Files/Pods-NewsAPI/Pods-NewsAPI-frameworks-${CONFIGURATION}-output-files.xcfilelist",
			);
			runOnlyForDeploymentPostprocessing = 0;
			shellPath = /bin/sh;
			shellScript = "\"${PODS_ROOT}/Target Support Files/Pods-NewsAPI/Pods-NewsAPI-frameworks.sh\"\n";
			showEnvVarsInLog = 0;
		};
		DB319004D9AC3F277777917E /* [CP] Check Pods Manifest.lock */ = {
			isa = PBXShellScriptBuildPhase;
			buildActionMask = 2147483647;
			files = (
			);
			inputFileListPaths = (
			);
			inputPaths = (
				"${PODS_PODFILE_DIR_PATH}/Podfile.lock",
				"${PODS_ROOT}/Manifest.lock",
			);
			name = "[CP] Check Pods Manifest.lock";
			outputFileListPaths = (
			);
			outputPaths = (
				"$(DERIVED_FILE_DIR)/Pods-NewsAPI-checkManifestLockResult.txt",
			);
			runOnlyForDeploymentPostprocessing = 0;
			shellPath = /bin/sh;
			shellScript = "diff \"${PODS_PODFILE_DIR_PATH}/Podfile.lock\" \"${PODS_ROOT}/Manifest.lock\" > /dev/null\nif [ $? != 0 ] ; then\n    # print error to STDERR\n    echo \"error: The sandbox is not in sync with the Podfile.lock. Run 'pod install' or update your CocoaPods installation.\" >&2\n    exit 1\nfi\n# This output is used by Xcode 'outputs' to avoid re-running this script phase.\necho \"SUCCESS\" > \"${SCRIPT_OUTPUT_FILE_0}\"\n";
			showEnvVarsInLog = 0;
		};
/* End PBXShellScriptBuildPhase section */

/* Begin PBXSourcesBuildPhase section */
		40A504D22BDFC68A007B40E3 /* Sources */ = {
			isa = PBXSourcesBuildPhase;
			buildActionMask = 2147483647;
			files = (
				404492D82BDFDE670087F685 /* HomeCollectionViewCell.swift in Sources */,
				400FA0592BE4A35F0069EF60 /* CoreDataAccessObject.swift in Sources */,
				40A504DE2BDFC68A007B40E3 /* ViewController.swift in Sources */,
				40A504DA2BDFC68A007B40E3 /* AppDelegate.swift in Sources */,
				40700E682BE11C0400CE8ABF /* NewsAPI.xcdatamodeld in Sources */,
				40A504EE2BDFC70A007B40E3 /* New.swift in Sources */,
				40A504DC2BDFC68A007B40E3 /* SceneDelegate.swift in Sources */,
				404492D62BDFCF4A0087F685 /* FavouriteViewController.swift in Sources */,
				404492D42BDFCF2C0087F685 /* DetailsViewController.swift in Sources */,
			);
			runOnlyForDeploymentPostprocessing = 0;
		};
/* End PBXSourcesBuildPhase section */

/* Begin PBXVariantGroup section */
		40A504DF2BDFC68A007B40E3 /* Main.storyboard */ = {
			isa = PBXVariantGroup;
			children = (
				40A504E02BDFC68A007B40E3 /* Base */,
			);
			name = Main.storyboard;
			sourceTree = "<group>";
		};
		40A504E42BDFC68C007B40E3 /* LaunchScreen.storyboard */ = {
			isa = PBXVariantGroup;
			children = (
				40A504E52BDFC68C007B40E3 /* Base */,
			);
			name = LaunchScreen.storyboard;
			sourceTree = "<group>";
		};
/* End PBXVariantGroup section */

/* Begin XCBuildConfiguration section */
		40A504E82BDFC68C007B40E3 /* Debug */ = {
			isa = XCBuildConfiguration;
			buildSettings = {
				ALWAYS_SEARCH_USER_PATHS = NO;
				ASSETCATALOG_COMPILER_GENERATE_SWIFT_ASSET_SYMBOL_EXTENSIONS = YES;
				CLANG_ANALYZER_NONNULL = YES;
				CLANG_ANALYZER_NUMBER_OBJECT_CONVERSION = YES_AGGRESSIVE;
				CLANG_CXX_LANGUAGE_STANDARD = "gnu++20";
				CLANG_ENABLE_MODULES = YES;
				CLANG_ENABLE_OBJC_ARC = YES;
				CLANG_ENABLE_OBJC_WEAK = YES;
				CLANG_WARN_BLOCK_CAPTURE_AUTORELEASING = YES;
				CLANG_WARN_BOOL_CONVERSION = YES;
				CLANG_WARN_COMMA = YES;
				CLANG_WARN_CONSTANT_CONVERSION = YES;
				CLANG_WARN_DEPRECATED_OBJC_IMPLEMENTATIONS = YES;
				CLANG_WARN_DIRECT_OBJC_ISA_USAGE = YES_ERROR;
				CLANG_WARN_DOCUMENTATION_COMMENTS = YES;
				CLANG_WARN_EMPTY_BODY = YES;
				CLANG_WARN_ENUM_CONVERSION = YES;
				CLANG_WARN_INFINITE_RECURSION = YES;
				CLANG_WARN_INT_CONVERSION = YES;
				CLANG_WARN_NON_LITERAL_NULL_CONVERSION = YES;
				CLANG_WARN_OBJC_IMPLICIT_RETAIN_SELF = YES;
				CLANG_WARN_OBJC_LITERAL_CONVERSION = YES;
				CLANG_WARN_OBJC_ROOT_CLASS = YES_ERROR;
				CLANG_WARN_QUOTED_INCLUDE_IN_FRAMEWORK_HEADER = YES;
				CLANG_WARN_RANGE_LOOP_ANALYSIS = YES;
				CLANG_WARN_STRICT_PROTOTYPES = YES;
				CLANG_WARN_SUSPICIOUS_MOVE = YES;
				CLANG_WARN_UNGUARDED_AVAILABILITY = YES_AGGRESSIVE;
				CLANG_WARN_UNREACHABLE_CODE = YES;
				CLANG_WARN__DUPLICATE_METHOD_MATCH = YES;
				COPY_PHASE_STRIP = NO;
				DEBUG_INFORMATION_FORMAT = dwarf;
				ENABLE_STRICT_OBJC_MSGSEND = YES;
				ENABLE_TESTABILITY = YES;
				ENABLE_USER_SCRIPT_SANDBOXING = YES;
				GCC_C_LANGUAGE_STANDARD = gnu17;
				GCC_DYNAMIC_NO_PIC = NO;
				GCC_NO_COMMON_BLOCKS = YES;
				GCC_OPTIMIZATION_LEVEL = 0;
				GCC_PREPROCESSOR_DEFINITIONS = (
					"DEBUG=1",
					"$(inherited)",
				);
				GCC_WARN_64_TO_32_BIT_CONVERSION = YES;
				GCC_WARN_ABOUT_RETURN_TYPE = YES_ERROR;
				GCC_WARN_UNDECLARED_SELECTOR = YES;
				GCC_WARN_UNINITIALIZED_AUTOS = YES_AGGRESSIVE;
				GCC_WARN_UNUSED_FUNCTION = YES;
				GCC_WARN_UNUSED_VARIABLE = YES;
				IPHONEOS_DEPLOYMENT_TARGET = 17.4;
				LOCALIZATION_PREFERS_STRING_CATALOGS = YES;
				MTL_ENABLE_DEBUG_INFO = INCLUDE_SOURCE;
				MTL_FAST_MATH = YES;
				ONLY_ACTIVE_ARCH = YES;
				SDKROOT = iphoneos;
				SWIFT_ACTIVE_COMPILATION_CONDITIONS = "DEBUG $(inherited)";
				SWIFT_OPTIMIZATION_LEVEL = "-Onone";
			};
			name = Debug;
		};
		40A504E92BDFC68C007B40E3 /* Release */ = {
			isa = XCBuildConfiguration;
			buildSettings = {
				ALWAYS_SEARCH_USER_PATHS = NO;
				ASSETCATALOG_COMPILER_GENERATE_SWIFT_ASSET_SYMBOL_EXTENSIONS = YES;
				CLANG_ANALYZER_NONNULL = YES;
				CLANG_ANALYZER_NUMBER_OBJECT_CONVERSION = YES_AGGRESSIVE;
				CLANG_CXX_LANGUAGE_STANDARD = "gnu++20";
				CLANG_ENABLE_MODULES = YES;
				CLANG_ENABLE_OBJC_ARC = YES;
				CLANG_ENABLE_OBJC_WEAK = YES;
				CLANG_WARN_BLOCK_CAPTURE_AUTORELEASING = YES;
				CLANG_WARN_BOOL_CONVERSION = YES;
				CLANG_WARN_COMMA = YES;
				CLANG_WARN_CONSTANT_CONVERSION = YES;
				CLANG_WARN_DEPRECATED_OBJC_IMPLEMENTATIONS = YES;
				CLANG_WARN_DIRECT_OBJC_ISA_USAGE = YES_ERROR;
				CLANG_WARN_DOCUMENTATION_COMMENTS = YES;
				CLANG_WARN_EMPTY_BODY = YES;
				CLANG_WARN_ENUM_CONVERSION = YES;
				CLANG_WARN_INFINITE_RECURSION = YES;
				CLANG_WARN_INT_CONVERSION = YES;
				CLANG_WARN_NON_LITERAL_NULL_CONVERSION = YES;
				CLANG_WARN_OBJC_IMPLICIT_RETAIN_SELF = YES;
				CLANG_WARN_OBJC_LITERAL_CONVERSION = YES;
				CLANG_WARN_OBJC_ROOT_CLASS = YES_ERROR;
				CLANG_WARN_QUOTED_INCLUDE_IN_FRAMEWORK_HEADER = YES;
				CLANG_WARN_RANGE_LOOP_ANALYSIS = YES;
				CLANG_WARN_STRICT_PROTOTYPES = YES;
				CLANG_WARN_SUSPICIOUS_MOVE = YES;
				CLANG_WARN_UNGUARDED_AVAILABILITY = YES_AGGRESSIVE;
				CLANG_WARN_UNREACHABLE_CODE = YES;
				CLANG_WARN__DUPLICATE_METHOD_MATCH = YES;
				COPY_PHASE_STRIP = NO;
				DEBUG_INFORMATION_FORMAT = "dwarf-with-dsym";
				ENABLE_NS_ASSERTIONS = NO;
				ENABLE_STRICT_OBJC_MSGSEND = YES;
				ENABLE_USER_SCRIPT_SANDBOXING = YES;
				GCC_C_LANGUAGE_STANDARD = gnu17;
				GCC_NO_COMMON_BLOCKS = YES;
				GCC_WARN_64_TO_32_BIT_CONVERSION = YES;
				GCC_WARN_ABOUT_RETURN_TYPE = YES_ERROR;
				GCC_WARN_UNDECLARED_SELECTOR = YES;
				GCC_WARN_UNINITIALIZED_AUTOS = YES_AGGRESSIVE;
				GCC_WARN_UNUSED_FUNCTION = YES;
				GCC_WARN_UNUSED_VARIABLE = YES;
				IPHONEOS_DEPLOYMENT_TARGET = 17.4;
				LOCALIZATION_PREFERS_STRING_CATALOGS = YES;
				MTL_ENABLE_DEBUG_INFO = NO;
				MTL_FAST_MATH = YES;
				SDKROOT = iphoneos;
				SWIFT_COMPILATION_MODE = wholemodule;
				VALIDATE_PRODUCT = YES;
			};
			name = Release;
		};
		40A504EB2BDFC68C007B40E3 /* Debug */ = {
			isa = XCBuildConfiguration;
			baseConfigurationReference = 46815C27A14BE336F9CAA346 /* Pods-NewsAPI.debug.xcconfig */;
			buildSettings = {
				ASSETCATALOG_COMPILER_APPICON_NAME = AppIcon;
				ASSETCATALOG_COMPILER_GLOBAL_ACCENT_COLOR_NAME = AccentColor;
				CODE_SIGN_STYLE = Automatic;
				CURRENT_PROJECT_VERSION = 1;
				ENABLE_USER_SCRIPT_SANDBOXING = NO;
				GENERATE_INFOPLIST_FILE = YES;
				INFOPLIST_FILE = NewsAPI/Info.plist;
				INFOPLIST_KEY_UIApplicationSupportsIndirectInputEvents = YES;
				INFOPLIST_KEY_UILaunchStoryboardName = LaunchScreen;
				INFOPLIST_KEY_UIMainStoryboardFile = Main;
				INFOPLIST_KEY_UISupportedInterfaceOrientations_iPad = "UIInterfaceOrientationPortrait UIInterfaceOrientationPortraitUpsideDown UIInterfaceOrientationLandscapeLeft UIInterfaceOrientationLandscapeRight";
				INFOPLIST_KEY_UISupportedInterfaceOrientations_iPhone = "UIInterfaceOrientationPortrait UIInterfaceOrientationLandscapeLeft UIInterfaceOrientationLandscapeRight";
				IPHONEOS_DEPLOYMENT_TARGET = 15.0;
				LD_RUNPATH_SEARCH_PATHS = (
					"$(inherited)",
					"@executable_path/Frameworks",
				);
				MARKETING_VERSION = 1.0;
				PRODUCT_BUNDLE_IDENTIFIER = ITI.NewsAPI;
				PRODUCT_NAME = "$(TARGET_NAME)";
				SWIFT_EMIT_LOC_STRINGS = YES;
				SWIFT_VERSION = 5.0;
				TARGETED_DEVICE_FAMILY = "1,2";
			};
			name = Debug;
		};
		40A504EC2BDFC68C007B40E3 /* Release */ = {
			isa = XCBuildConfiguration;
			baseConfigurationReference = 41FC431E579AE4F5DA03101F /* Pods-NewsAPI.release.xcconfig */;
			buildSettings = {
				ASSETCATALOG_COMPILER_APPICON_NAME = AppIcon;
				ASSETCATALOG_COMPILER_GLOBAL_ACCENT_COLOR_NAME = AccentColor;
				CODE_SIGN_STYLE = Automatic;
				CURRENT_PROJECT_VERSION = 1;
				ENABLE_USER_SCRIPT_SANDBOXING = NO;
				GENERATE_INFOPLIST_FILE = YES;
				INFOPLIST_FILE = NewsAPI/Info.plist;
				INFOPLIST_KEY_UIApplicationSupportsIndirectInputEvents = YES;
				INFOPLIST_KEY_UILaunchStoryboardName = LaunchScreen;
				INFOPLIST_KEY_UIMainStoryboardFile = Main;
				INFOPLIST_KEY_UISupportedInterfaceOrientations_iPad = "UIInterfaceOrientationPortrait UIInterfaceOrientationPortraitUpsideDown UIInterfaceOrientationLandscapeLeft UIInterfaceOrientationLandscapeRight";
				INFOPLIST_KEY_UISupportedInterfaceOrientations_iPhone = "UIInterfaceOrientationPortrait UIInterfaceOrientationLandscapeLeft UIInterfaceOrientationLandscapeRight";
				IPHONEOS_DEPLOYMENT_TARGET = 15.0;
				LD_RUNPATH_SEARCH_PATHS = (
					"$(inherited)",
					"@executable_path/Frameworks",
				);
				MARKETING_VERSION = 1.0;
				PRODUCT_BUNDLE_IDENTIFIER = ITI.NewsAPI;
				PRODUCT_NAME = "$(TARGET_NAME)";
				SWIFT_EMIT_LOC_STRINGS = YES;
				SWIFT_VERSION = 5.0;
				TARGETED_DEVICE_FAMILY = "1,2";
			};
			name = Release;
		};
/* End XCBuildConfiguration section */

/* Begin XCConfigurationList section */
		40A504D12BDFC68A007B40E3 /* Build configuration list for PBXProject "NewsAPI" */ = {
			isa = XCConfigurationList;
			buildConfigurations = (
				40A504E82BDFC68C007B40E3 /* Debug */,
				40A504E92BDFC68C007B40E3 /* Release */,
			);
			defaultConfigurationIsVisible = 0;
			defaultConfigurationName = Release;
		};
		40A504EA2BDFC68C007B40E3 /* Build configuration list for PBXNativeTarget "NewsAPI" */ = {
			isa = XCConfigurationList;
			buildConfigurations = (
				40A504EB2BDFC68C007B40E3 /* Debug */,
				40A504EC2BDFC68C007B40E3 /* Release */,
			);
			defaultConfigurationIsVisible = 0;
			defaultConfigurationName = Release;
		};
/* End XCConfigurationList section */

/* Begin XCVersionGroup section */
		40700E662BE11C0400CE8ABF /* NewsAPI.xcdatamodeld */ = {
			isa = XCVersionGroup;
			children = (
				40700E672BE11C0400CE8ABF /* NewsAPI.xcdatamodel */,
			);
			currentVersion = 40700E672BE11C0400CE8ABF /* NewsAPI.xcdatamodel */;
			name = NewsAPI.xcdatamodeld;
			path = "/Users/minaemad6060/Documents/IOS Swift/Labs/lab7/NewsAPI/NewsAPI/NewsAPI.xcdatamodeld";
			sourceTree = "<group>";
			versionGroupType = wrapper.xcdatamodel;
		};
/* End XCVersionGroup section */
	};
	rootObject = 40A504CE2BDFC68A007B40E3 /* Project object */;
}
